
Microsoft Visual Studio Solution File, Format Version 12.00
# Visual Studio Version 16
VisualStudioVersion = 16.0.30011.22
MinimumVisualStudioVersion = 10.0.40219.1
Project("{FAE04EC0-301F-11D3-BF4B-00C04F79EFBC}") = "NUNITLab", "NUNITLab.csproj", "{5C91F058-FF7E-4740-85EC-0FF6AB52A416}"
EndProject
Project("{FAE04EC0-301F-11D3-BF4B-00C04F79EFBC}") = "NUNITLABQ3", "..\NUNITLABQ3\NUNITLABQ3.csproj", "{5EC9EC93-1E9C-44C0-B21B-500ED46F1C3E}"
EndProject
Global
	GlobalSection(SolutionConfigurationPlatforms) = preSolution
		Debug|Any CPU = Debug|Any CPU
		Release|Any CPU = Release|Any CPU
	EndGlobalSection
	GlobalSection(ProjectConfigurationPlatforms) = postSolution
		{5C91F058-FF7E-4740-85EC-0FF6AB52A416}.Debug|Any CPU.ActiveCfg = Debug|Any CPU
		{5C91F058-FF7E-4740-85EC-0FF6AB52A416}.Debug|Any CPU.Build.0 = Debug|Any CPU
		{5C91F058-FF7E-4740-85EC-0FF6AB52A416}.Release|Any CPU.ActiveCfg = Release|Any CPU
		{5C91F058-FF7E-4740-85EC-0FF6AB52A416}.Release|Any CPU.Build.0 = Release|Any CPU
		{5EC9EC93-1E9C-44C0-B21B-500ED46F1C3E}.Debug|Any CPU.ActiveCfg = Debug|Any CPU
		{5EC9EC93-1E9C-44C0-B21B-500ED46F1C3E}.Debug|Any CPU.Build.0 = Debug|Any CPU
		{5EC9EC93-1E9C-44C0-B21B-500ED46F1C3E}.Release|Any CPU.ActiveCfg = Release|Any CPU
		{5EC9EC93-1E9C-44C0-B21B-500ED46F1C3E}.Release|Any CPU.Build.0 = Release|Any CPU
	EndGlobalSection
	GlobalSection(SolutionProperties) = preSolution
		HideSolutionNode = FALSE
	EndGlobalSection
	GlobalSection(ExtensibilityGlobals) = postSolution
		SolutionGuid = {C758E48A-DB33-4004-8B64-BBD9DBDD13D2}
	EndGlobalSection
EndGlobal
